
Microsoft Visual Studio Solution File, Format Version 12.00
Project("{FAE04EC0-301F-11D3-BF4B-00C04F79EFBC}") = "IPP_Lb1_Brigade6", "IPP_Lb1_Brigade6\IPP_Lb1_Brigade6.csproj", "{2E55A8FA-D4F7-4023-A2C1-0D8613684919}"
EndProject
Global
	GlobalSection(SolutionConfigurationPlatforms) = preSolution
		Debug|Any CPU = Debug|Any CPU
		Release|Any CPU = Release|Any CPU
	EndGlobalSection
	GlobalSection(ProjectConfigurationPlatforms) = postSolution
		{2E55A8FA-D4F7-4023-A2C1-0D8613684919}.Debug|Any CPU.ActiveCfg = Debug|Any CPU
		{2E55A8FA-D4F7-4023-A2C1-0D8613684919}.Debug|Any CPU.Build.0 = Debug|Any CPU
		{2E55A8FA-D4F7-4023-A2C1-0D8613684919}.Release|Any CPU.ActiveCfg = Release|Any CPU
		{2E55A8FA-D4F7-4023-A2C1-0D8613684919}.Release|Any CPU.Build.0 = Release|Any CPU
	EndGlobalSection
EndGlobal
